<?xml version="1.0" encoding="utf-8"?>
<Project ToolsVersion="4.0" xmlns="http://schemas.microsoft.com/developer/msbuild/2003">
  <ItemGroup>
    <Filter Include="Source Files">
      <UniqueIdentifier>{4FC737F1-C7A5-4376-A066-2A32D752A2FF}</UniqueIdentifier>
      <Extensions>cpp;c;cc;cxx;c++;cppm;ixx;def;odl;idl;hpj;bat;asm;asmx</Extensions>
    </Filter>
    <Filter Include="Header Files">
      <UniqueIdentifier>{93995380-89BD-4b04-88EB-625FBE52EBFB}</UniqueIdentifier>
      <Extensions>h;hh;hpp;hxx;h++;hm;inl;inc;ipp;xsd</Extensions>
    </Filter>
    <Filter Include="vendor">
      <UniqueIdentifier>{62ebcf7e-64cb-4832-9c78-debd6ac36411}</UniqueIdentifier>
    </Filter>
    <Filter Include="vendor\glfw">
      <UniqueIdentifier>{35bb6ee1-030b-4358-9f66-ed578c6e7825}</UniqueIdentifier>
    </Filter>
    <Filter Include="vendor\stb">
      <UniqueIdentifier>{ffc0693c-2ecc-4afb-bf38-087105a2948b}</UniqueIdentifier>
    </Filter>
    <Filter Include="vendor\glad">
      <UniqueIdentifier>{f8f9d66d-6d30-47d5-b9bc-93b0b11c1aaa}</UniqueIdentifier>
    </Filter>
    <Filter Include="vendor\glm">
      <UniqueIdentifier>{0132b7d9-8dc5-4e45-a13f-9927606cd4c4}</UniqueIdentifier>
    </Filter>
    <Filter Include="vendor\GL">
      <UniqueIdentifier>{233ba8ee-c2d2-409d-ac6b-5f7972bbb312}</UniqueIdentifier>
    </Filter>
    <Filter Include="core">
      <UniqueIdentifier>{51260caf-93ac-4717-a818-2d111ea75a8d}</UniqueIdentifier>
    </Filter>
    <Filter Include="vendor\imgui">
      <UniqueIdentifier>{962091a8-f8b2-4ed8-8fa4-f354d35de9dd}</UniqueIdentifier>
    </Filter>
    <Filter Include="vendor\imguizmo">
      <UniqueIdentifier>{cb730761-a08f-4e2e-8e07-4e3ebbdb8604}</UniqueIdentifier>
    </Filter>
  </ItemGroup>
  <ItemGroup>
    <ClCompile Include="src\main.cpp">
      <Filter>Source Files</Filter>
    </ClCompile>
    <ClCompile Include="vendor\glad.c">
      <Filter>vendor\glad</Filter>
    </ClCompile>
    <ClCompile Include="vendor\stb_image.cpp">
      <Filter>vendor\stb</Filter>
    </ClCompile>
    <ClCompile Include="vendor\imgui\imgui_demo.cpp">
      <Filter>vendor\imgui</Filter>
    </ClCompile>
    <ClCompile Include="vendor\imgui\imgui_draw.cpp">
      <Filter>vendor\imgui</Filter>
    </ClCompile>
    <ClCompile Include="vendor\imgui\imgui_tables.cpp">
      <Filter>vendor\imgui</Filter>
    </ClCompile>
    <ClCompile Include="vendor\imgui\imgui_widgets.cpp">
      <Filter>vendor\imgui</Filter>
    </ClCompile>
    <ClCompile Include="vendor\imgui\imgui.cpp">
      <Filter>vendor\imgui</Filter>
    </ClCompile>
    <ClCompile Include="vendor\imgui\backends\imgui_impl_glfw.cpp">
      <Filter>vendor\imgui</Filter>
    </ClCompile>
    <ClCompile Include="vendor\imgui\backends\imgui_impl_opengl3.cpp">
      <Filter>vendor\imgui</Filter>
    </ClCompile>
    <ClCompile Include="src\level.cpp">
      <Filter>Source Files</Filter>
    </ClCompile>
    <ClCompile Include="src\core\ui.cpp">
      <Filter>core</Filter>
    </ClCompile>
    <ClCompile Include="src\core\input.cpp">
      <Filter>core</Filter>
    </ClCompile>
    <ClCompile Include="src\core\window.cpp">
      <Filter>core</Filter>
    </ClCompile>
    <ClCompile Include="src\core\core.cpp">
      <Filter>core</Filter>
    </ClCompile>
    <ClCompile Include="src\core\scene.cpp">
      <Filter>core</Filter>
    </ClCompile>
    <ClCompile Include="src\core\log.cpp">
      <Filter>core</Filter>
    </ClCompile>
    <ClCompile Include="src\core\ssao.cpp">
      <Filter>core</Filter>
    </ClCompile>
    <ClCompile Include="src\core\editor.cpp">
      <Filter>core</Filter>
    </ClCompile>
    <ClCompile Include="src\core\entitity.cpp">
      <Filter>Source Files</Filter>
    </ClCompile>
    <ClCompile Include="src\core\model.cpp">
      <Filter>Source Files</Filter>
    </ClCompile>
    <ClCompile Include="src\core\texture.cpp">
      <Filter>Source Files</Filter>
    </ClCompile>
    <ClCompile Include="src\core\draw.cpp">
      <Filter>Source Files</Filter>
    </ClCompile>
    <ClCompile Include="src\core\panels\sceneHPanel.cpp">
      <Filter>Source Files</Filter>
    </ClCompile>
    <ClCompile Include="src\core\resources.cpp">
      <Filter>Source Files</Filter>
    </ClCompile>
    <ClCompile Include="src\meth.cpp">
      <Filter>Source Files</Filter>
    </ClCompile>
    <ClCompile Include="vendor\ImGuizmo\ImCurveEdit.cpp">
      <Filter>vendor\imguizmo</Filter>
    </ClCompile>
    <ClCompile Include="vendor\ImGuizmo\ImGradient.cpp">
      <Filter>vendor\imguizmo</Filter>
    </ClCompile>
    <ClCompile Include="vendor\ImGuizmo\ImGuizmo.cpp">
      <Filter>vendor\imguizmo</Filter>
    </ClCompile>
    <ClCompile Include="vendor\ImGuizmo\ImSequencer.cpp">
      <Filter>vendor\imguizmo</Filter>
    </ClCompile>
    <ClCompile Include="vendor\ImGuizmo\GraphEditor.cpp">
      <Filter>vendor\imguizmo</Filter>
    </ClCompile>
  </ItemGroup>
  <ItemGroup>
    <ClInclude Include="..\..\a\includes\GLFW\glfw3.h">
      <Filter>vendor\glfw</Filter>
    </ClInclude>
    <ClInclude Include="vendor\stb_image.h">
      <Filter>vendor\stb</Filter>
    </ClInclude>
    <ClInclude Include="vendor\glad\glad.h">
      <Filter>vendor\glad</Filter>
    </ClInclude>
    <ClInclude Include="vendor\glm\geometric.hpp">
      <Filter>vendor\glm</Filter>
    </ClInclude>
    <ClInclude Include="vendor\glm\glm.hpp">
      <Filter>vendor\glm</Filter>
    </ClInclude>
    <ClInclude Include="vendor\glm\integer.hpp">
      <Filter>vendor\glm</Filter>
    </ClInclude>
    <ClInclude Include="vendor\glm\mat2x2.hpp">
      <Filter>vendor\glm</Filter>
    </ClInclude>
    <ClInclude Include="vendor\glm\mat2x3.hpp">
      <Filter>vendor\glm</Filter>
    </ClInclude>
    <ClInclude Include="vendor\glm\mat2x4.hpp">
      <Filter>vendor\glm</Filter>
    </ClInclude>
    <ClInclude Include="vendor\glm\mat3x2.hpp">
      <Filter>vendor\glm</Filter>
    </ClInclude>
    <ClInclude Include="vendor\glm\mat3x3.hpp">
      <Filter>vendor\glm</Filter>
    </ClInclude>
    <ClInclude Include="vendor\glm\mat3x4.hpp">
      <Filter>vendor\glm</Filter>
    </ClInclude>
    <ClInclude Include="vendor\glm\mat4x2.hpp">
      <Filter>vendor\glm</Filter>
    </ClInclude>
    <ClInclude Include="vendor\glm\mat4x3.hpp">
      <Filter>vendor\glm</Filter>
    </ClInclude>
    <ClInclude Include="vendor\glm\mat4x4.hpp">
      <Filter>vendor\glm</Filter>
    </ClInclude>
    <ClInclude Include="vendor\glm\matrix.hpp">
      <Filter>vendor\glm</Filter>
    </ClInclude>
    <ClInclude Include="vendor\glm\packing.hpp">
      <Filter>vendor\glm</Filter>
    </ClInclude>
    <ClInclude Include="vendor\glm\trigonometric.hpp">
      <Filter>vendor\glm</Filter>
    </ClInclude>
    <ClInclude Include="vendor\glm\vec2.hpp">
      <Filter>vendor\glm</Filter>
    </ClInclude>
    <ClInclude Include="vendor\glm\vec3.hpp">
      <Filter>vendor\glm</Filter>
    </ClInclude>
    <ClInclude Include="vendor\glm\vec4.hpp">
      <Filter>vendor\glm</Filter>
    </ClInclude>
    <ClInclude Include="vendor\glm\vector_relational.hpp">
      <Filter>vendor\glm</Filter>
    </ClInclude>
    <ClInclude Include="vendor\glm\common.hpp">
      <Filter>vendor\glm</Filter>
    </ClInclude>
    <ClInclude Include="vendor\glm\exponential.hpp">
      <Filter>vendor\glm</Filter>
    </ClInclude>
    <ClInclude Include="vendor\glm\ext.hpp">
      <Filter>vendor\glm</Filter>
    </ClInclude>
    <ClInclude Include="vendor\glm\fwd.hpp">
      <Filter>vendor\glm</Filter>
    </ClInclude>
    <ClInclude Include="src\core\animator.h">
      <Filter>core</Filter>
    </ClInclude>
    <ClInclude Include="src\core\camera.h">
      <Filter>core</Filter>
    </ClInclude>
    <ClInclude Include="src\core\entity.h">
      <Filter>core</Filter>
    </ClInclude>
    <ClInclude Include="src\core\filesystem.h">
      <Filter>core</Filter>
    </ClInclude>
    <ClInclude Include="src\core\mesh.h">
      <Filter>core</Filter>
    </ClInclude>
    <ClInclude Include="src\core\model.h">
      <Filter>core</Filter>
    </ClInclude>
    <ClInclude Include="src\core\shader.h">
      <Filter>core</Filter>
    </ClInclude>
    <ClInclude Include="src\core\animation.h">
      <Filter>core</Filter>
    </ClInclude>
    <ClInclude Include="vendor\imgui\imgui.h">
      <Filter>vendor\imgui</Filter>
    </ClInclude>
    <ClInclude Include="vendor\imgui\imgui_internal.h">
      <Filter>vendor\imgui</Filter>
    </ClInclude>
    <ClInclude Include="vendor\imgui\imstb_rectpack.h">
      <Filter>vendor\imgui</Filter>
    </ClInclude>
    <ClInclude Include="vendor\imgui\imstb_textedit.h">
      <Filter>vendor\imgui</Filter>
    </ClInclude>
    <ClInclude Include="vendor\imgui\imstb_truetype.h">
      <Filter>vendor\imgui</Filter>
    </ClInclude>
    <ClInclude Include="vendor\imgui\imconfig.h">
      <Filter>vendor\imgui</Filter>
    </ClInclude>
    <ClInclude Include="vendor\imgui\backends\imgui_impl_glfw.h">
      <Filter>vendor\imgui</Filter>
    </ClInclude>
    <ClInclude Include="vendor\imgui\backends\imgui_impl_opengl3.h">
      <Filter>vendor\imgui</Filter>
    </ClInclude>
    <ClInclude Include="vendor\GLFW\glfw3native.h">
      <Filter>vendor\glfw</Filter>
    </ClInclude>
    <ClInclude Include="vendor\imgui\backends\imgui_impl_opengl3_loader.h">
      <Filter>vendor\imgui</Filter>
    </ClInclude>
    <ClInclude Include="src\core\ui.h">
      <Filter>core</Filter>
    </ClInclude>
    <ClInclude Include="src\core\draw.h">
      <Filter>core</Filter>
    </ClInclude>
    <ClInclude Include="src\core\texture.h">
      <Filter>core</Filter>
    </ClInclude>
    <ClInclude Include="src\level.h">
      <Filter>Header Files</Filter>
    </ClInclude>
    <ClInclude Include="src\input.h">
      <Filter>core</Filter>
    </ClInclude>
    <ClInclude Include="src\core\input.h">
      <Filter>core</Filter>
    </ClInclude>
    <ClInclude Include="src\core\window.h">
      <Filter>core</Filter>
    </ClInclude>
    <ClInclude Include="src\core\core.h">
      <Filter>core</Filter>
    </ClInclude>
    <ClInclude Include="src\core\scene.h">
      <Filter>core</Filter>
    </ClInclude>
    <ClInclude Include="vendor\entt\entt.hpp">
      <Filter>vendor</Filter>
    </ClInclude>
    <ClInclude Include="src\core\timestep.h">
      <Filter>core</Filter>
    </ClInclude>
    <ClInclude Include="src\core\log.h">
      <Filter>core</Filter>
    </ClInclude>
    <ClInclude Include="src\core\utility.h">
      <Filter>core</Filter>
    </ClInclude>
    <ClInclude Include="src\core\gbuffer.h">
      <Filter>core</Filter>
    </ClInclude>
    <ClInclude Include="src\core\ssao.h">
      <Filter>core</Filter>
    </ClInclude>
    <ClInclude Include="src\core\editor.h">
      <Filter>core</Filter>
    </ClInclude>
    <ClInclude Include="src\core\keycodes.h">
      <Filter>Header Files</Filter>
    </ClInclude>
    <ClInclude Include="src\core\components.h">
      <Filter>Header Files</Filter>
    </ClInclude>
    <ClInclude Include="src\core\FlatEngine.h">
      <Filter>Header Files</Filter>
    </ClInclude>
    <ClInclude Include="src\core\panels\sceneHPanel.h">
      <Filter>Header Files</Filter>
    </ClInclude>
    <ClInclude Include="src\core\resources.h">
      <Filter>Header Files</Filter>
    </ClInclude>
    <ClInclude Include="src\meth.h">
      <Filter>Header Files</Filter>
    </ClInclude>
    <ClInclude Include="vendor\ImGuizmo\ImCurveEdit.h">
      <Filter>vendor\imguizmo</Filter>
    </ClInclude>
    <ClInclude Include="vendor\ImGuizmo\ImGradient.h">
      <Filter>vendor\imguizmo</Filter>
    </ClInclude>
    <ClInclude Include="vendor\ImGuizmo\ImGuizmo.h">
      <Filter>vendor\imguizmo</Filter>
    </ClInclude>
    <ClInclude Include="vendor\ImGuizmo\ImSequencer.h">
      <Filter>vendor\imguizmo</Filter>
    </ClInclude>
    <ClInclude Include="vendor\ImGuizmo\ImZoomSlider.h">
      <Filter>vendor\imguizmo</Filter>
    </ClInclude>
    <ClInclude Include="vendor\ImGuizmo\GraphEditor.h">
      <Filter>vendor\imguizmo</Filter>
    </ClInclude>
  </ItemGroup>
</Project>